
Microsoft Visual Studio Solution File, Format Version 12.00
# Visual Studio Version 17
VisualStudioVersion = 17.9.34723.18
MinimumVisualStudioVersion = 10.0.40219.1
Project("{FAE04EC0-301F-11D3-BF4B-00C04F79EFBC}") = "OrderFormApp", "week7\OrderFormApp.csproj", "{56E45271-1DA7-4B0D-845C-8A157CC1535D}"
EndProject
Global
	GlobalSection(SolutionConfigurationPlatforms) = preSolution
		Debug|Any CPU = Debug|Any CPU
		Release|Any CPU = Release|Any CPU
	EndGlobalSection
	GlobalSection(ProjectConfigurationPlatforms) = postSolution
		{56E45271-1DA7-4B0D-845C-8A157CC1535D}.Debug|Any CPU.ActiveCfg = Debug|Any CPU
		{56E45271-1DA7-4B0D-845C-8A157CC1535D}.Debug|Any CPU.Build.0 = Debug|Any CPU
		{56E45271-1DA7-4B0D-845C-8A157CC1535D}.Release|Any CPU.ActiveCfg = Release|Any CPU
		{56E45271-1DA7-4B0D-845C-8A157CC1535D}.Release|Any CPU.Build.0 = Release|Any CPU
	EndGlobalSection
	GlobalSection(SolutionProperties) = preSolution
		HideSolutionNode = FALSE
	EndGlobalSection
	GlobalSection(ExtensibilityGlobals) = postSolution
		SolutionGuid = {4A6819F1-5E05-4BD6-8ADF-E705920FBC42}
	EndGlobalSection
EndGlobal
